
Microsoft Visual Studio Solution File, Format Version 12.00
# Visual Studio Version 16
VisualStudioVersion = 16.0.30804.86
MinimumVisualStudioVersion = 10.0.40219.1
Project("{FAE04EC0-301F-11D3-BF4B-00C04F79EFBC}") = "TP5", "TP5\TP5.csproj", "{0A252986-177D-4A8D-B123-AB2B170D8DAE}"
EndProject
Project("{9A19103F-16F7-4668-BE54-9A1E7A4F7556}") = "BO", "BO\BO.csproj", "{63C88B23-164A-4829-A93A-47EC650C6756}"
EndProject
Global
	GlobalSection(SolutionConfigurationPlatforms) = preSolution
		Debug|Any CPU = Debug|Any CPU
		Release|Any CPU = Release|Any CPU
	EndGlobalSection
	GlobalSection(ProjectConfigurationPlatforms) = postSolution
		{0A252986-177D-4A8D-B123-AB2B170D8DAE}.Debug|Any CPU.ActiveCfg = Debug|Any CPU
		{0A252986-177D-4A8D-B123-AB2B170D8DAE}.Debug|Any CPU.Build.0 = Debug|Any CPU
		{0A252986-177D-4A8D-B123-AB2B170D8DAE}.Release|Any CPU.ActiveCfg = Release|Any CPU
		{0A252986-177D-4A8D-B123-AB2B170D8DAE}.Release|Any CPU.Build.0 = Release|Any CPU
		{63C88B23-164A-4829-A93A-47EC650C6756}.Debug|Any CPU.ActiveCfg = Debug|Any CPU
		{63C88B23-164A-4829-A93A-47EC650C6756}.Debug|Any CPU.Build.0 = Debug|Any CPU
		{63C88B23-164A-4829-A93A-47EC650C6756}.Release|Any CPU.ActiveCfg = Release|Any CPU
		{63C88B23-164A-4829-A93A-47EC650C6756}.Release|Any CPU.Build.0 = Release|Any CPU
	EndGlobalSection
	GlobalSection(SolutionProperties) = preSolution
		HideSolutionNode = FALSE
	EndGlobalSection
	GlobalSection(ExtensibilityGlobals) = postSolution
		SolutionGuid = {C18134C9-04DB-48F2-82EA-178378021117}
	EndGlobalSection
EndGlobal
